
Microsoft Visual Studio Solution File, Format Version 12.00
# Visual Studio Version 16
VisualStudioVersion = 16.0.29215.179
MinimumVisualStudioVersion = 10.0.40219.1
Project("{FAE04EC0-301F-11D3-BF4B-00C04F79EFBC}") = "VuejsAspNet", "VuejsAspNet\VuejsAspNet.csproj", "{339C4810-95EF-4236-98EB-71224D3973AE}"
EndProject
Global
	GlobalSection(SolutionConfigurationPlatforms) = preSolution
		Debug|Any CPU = Debug|Any CPU
		Release|Any CPU = Release|Any CPU
	EndGlobalSection
	GlobalSection(ProjectConfigurationPlatforms) = postSolution
		{339C4810-95EF-4236-98EB-71224D3973AE}.Debug|Any CPU.ActiveCfg = Debug|Any CPU
		{339C4810-95EF-4236-98EB-71224D3973AE}.Debug|Any CPU.Build.0 = Debug|Any CPU
		{339C4810-95EF-4236-98EB-71224D3973AE}.Release|Any CPU.ActiveCfg = Release|Any CPU
		{339C4810-95EF-4236-98EB-71224D3973AE}.Release|Any CPU.Build.0 = Release|Any CPU
	EndGlobalSection
	GlobalSection(SolutionProperties) = preSolution
		HideSolutionNode = FALSE
	EndGlobalSection
	GlobalSection(ExtensibilityGlobals) = postSolution
		SolutionGuid = {1DBBAA86-3DA4-4212-A1D8-E1A0C415B786}
	EndGlobalSection
EndGlobal
